
Microsoft Visual Studio Solution File, Format Version 12.00
# Visual Studio 14
VisualStudioVersion = 14.0.25420.1
MinimumVisualStudioVersion = 10.0.40219.1
Project("{E24C65DC-7377-472B-9ABA-BC803B73C61A}") = "KLD", ".", "{0D8CD112-9677-41B0-A1E5-6D8C674954CF}"
	ProjectSection(WebsiteProperties) = preProject
		TargetFrameworkMoniker = ".NETFramework,Version%3Dv4.5.2"
		ProjectReferences = "{cfe1c4c8-def7-49b1-9353-f5d655a66c80}|KLDSCHOOL_BL.dll;"
		Debug.AspNetCompiler.VirtualPath = "/localhost_16964"
		Debug.AspNetCompiler.PhysicalPath = "..\KLD\"
		Debug.AspNetCompiler.TargetPath = "PrecompiledWeb\localhost_16964\"
		Debug.AspNetCompiler.Updateable = "true"
		Debug.AspNetCompiler.ForceOverwrite = "true"
		Debug.AspNetCompiler.FixedNames = "false"
		Debug.AspNetCompiler.Debug = "True"
		Release.AspNetCompiler.VirtualPath = "/localhost_16964"
		Release.AspNetCompiler.PhysicalPath = "..\KLD\"
		Release.AspNetCompiler.TargetPath = "PrecompiledWeb\localhost_16964\"
		Release.AspNetCompiler.Updateable = "true"
		Release.AspNetCompiler.ForceOverwrite = "true"
		Release.AspNetCompiler.FixedNames = "false"
		Release.AspNetCompiler.Debug = "False"
		VWDPort = "16964"
		SlnRelativePath = "..\KLD\"
		DefaultWebSiteLanguage = "Visual C#"
	EndProjectSection
EndProject
Project("{FAE04EC0-301F-11D3-BF4B-00C04F79EFBC}") = "KLDSCHOOL_BL", "..\KLDSCHOOL_BL\KLDSCHOOL_BL.csproj", "{CFE1C4C8-DEF7-49B1-9353-F5D655A66C80}"
EndProject
Global
	GlobalSection(SolutionConfigurationPlatforms) = preSolution
		Debug|Any CPU = Debug|Any CPU
		Release|Any CPU = Release|Any CPU
	EndGlobalSection
	GlobalSection(ProjectConfigurationPlatforms) = postSolution
		{0D8CD112-9677-41B0-A1E5-6D8C674954CF}.Debug|Any CPU.ActiveCfg = Debug|Any CPU
		{0D8CD112-9677-41B0-A1E5-6D8C674954CF}.Debug|Any CPU.Build.0 = Debug|Any CPU
		{0D8CD112-9677-41B0-A1E5-6D8C674954CF}.Release|Any CPU.ActiveCfg = Debug|Any CPU
		{0D8CD112-9677-41B0-A1E5-6D8C674954CF}.Release|Any CPU.Build.0 = Debug|Any CPU
		{CFE1C4C8-DEF7-49B1-9353-F5D655A66C80}.Debug|Any CPU.ActiveCfg = Debug|Any CPU
		{CFE1C4C8-DEF7-49B1-9353-F5D655A66C80}.Debug|Any CPU.Build.0 = Debug|Any CPU
		{CFE1C4C8-DEF7-49B1-9353-F5D655A66C80}.Release|Any CPU.ActiveCfg = Release|Any CPU
		{CFE1C4C8-DEF7-49B1-9353-F5D655A66C80}.Release|Any CPU.Build.0 = Release|Any CPU
	EndGlobalSection
	GlobalSection(SolutionProperties) = preSolution
		HideSolutionNode = FALSE
	EndGlobalSection
EndGlobal
